// !$*UTF8*$!
{
	archiveVersion = 1;
	classes = {
	};
	objectVersion = 50;
	objects = {

/* Begin PBXBuildFile section */
		DD3D12FF21E7E9240099C3FC /* QuestionViewController.swift in Sources */ = {isa = PBXBuildFile; fileRef = DD3D12FE21E7E9240099C3FC /* QuestionViewController.swift */; };
		DD3D130321E7F97A0099C3FC /* AddQuestionViewController.swift in Sources */ = {isa = PBXBuildFile; fileRef = DD3D130221E7F97A0099C3FC /* AddQuestionViewController.swift */; };
		DDF4FD4121A5F5A900DEABD1 /* AppDelegate.swift in Sources */ = {isa = PBXBuildFile; fileRef = DDF4FD4021A5F5A900DEABD1 /* AppDelegate.swift */; };
		DDF4FD4321A5F5A900DEABD1 /* ViewController.swift in Sources */ = {isa = PBXBuildFile; fileRef = DDF4FD4221A5F5A900DEABD1 /* ViewController.swift */; };
		DDF4FD4621A5F5A900DEABD1 /* Main.storyboard in Resources */ = {isa = PBXBuildFile; fileRef = DDF4FD4421A5F5A900DEABD1 /* Main.storyboard */; };
		DDF4FD4821A5F5AA00DEABD1 /* Assets.xcassets in Resources */ = {isa = PBXBuildFile; fileRef = DDF4FD4721A5F5AA00DEABD1 /* Assets.xcassets */; };
		DDF4FD4B21A5F5AA00DEABD1 /* LaunchScreen.storyboard in Resources */ = {isa = PBXBuildFile; fileRef = DDF4FD4921A5F5AA00DEABD1 /* LaunchScreen.storyboard */; };
/* End PBXBuildFile section */

/* Begin PBXFileReference section */
		DD3D12FE21E7E9240099C3FC /* QuestionViewController.swift */ = {isa = PBXFileReference; lastKnownFileType = sourcecode.swift; path = QuestionViewController.swift; sourceTree = "<group>"; };
		DD3D130221E7F97A0099C3FC /* AddQuestionViewController.swift */ = {isa = PBXFileReference; lastKnownFileType = sourcecode.swift; path = AddQuestionViewController.swift; sourceTree = "<group>"; };
		DDF4FD3D21A5F5A900DEABD1 /* Scouting2019.app */ = {isa = PBXFileReference; explicitFileType = wrapper.application; includeInIndex = 0; path = Scouting2019.app; sourceTree = BUILT_PRODUCTS_DIR; };
		DDF4FD4021A5F5A900DEABD1 /* AppDelegate.swift */ = {isa = PBXFileReference; lastKnownFileType = sourcecode.swift; path = AppDelegate.swift; sourceTree = "<group>"; };
		DDF4FD4221A5F5A900DEABD1 /* ViewController.swift */ = {isa = PBXFileReference; lastKnownFileType = sourcecode.swift; path = ViewController.swift; sourceTree = "<group>"; };
		DDF4FD4521A5F5A900DEABD1 /* Base */ = {isa = PBXFileReference; lastKnownFileType = file.storyboard; name = Base; path = Base.lproj/Main.storyboard; sourceTree = "<group>"; };
		DDF4FD4721A5F5AA00DEABD1 /* Assets.xcassets */ = {isa = PBXFileReference; lastKnownFileType = folder.assetcatalog; path = Assets.xcassets; sourceTree = "<group>"; };
		DDF4FD4A21A5F5AA00DEABD1 /* Base */ = {isa = PBXFileReference; lastKnownFileType = file.storyboard; name = Base; path = Base.lproj/LaunchScreen.storyboard; sourceTree = "<group>"; };
		DDF4FD4C21A5F5AA00DEABD1 /* Info.plist */ = {isa = PBXFileReference; lastKnownFileType = text.plist.xml; path = Info.plist; sourceTree = "<group>"; };
/* End PBXFileReference section */

/* Begin PBXFrameworksBuildPhase section */
		DDF4FD3A21A5F5A900DEABD1 /* Frameworks */ = {
			isa = PBXFrameworksBuildPhase;
			buildActionMask = 2147483647;
			files = (
			);
			runOnlyForDeploymentPostprocessing = 0;
		};
/* End PBXFrameworksBuildPhase section */

/* Begin PBXGroup section */
		DDF4FD3421A5F5A900DEABD1 = {
			isa = PBXGroup;
			children = (
				DDF4FD3F21A5F5A900DEABD1 /* Scouting2019 */,
				DDF4FD3E21A5F5A900DEABD1 /* Products */,
			);
			sourceTree = "<group>";
		};
		DDF4FD3E21A5F5A900DEABD1 /* Products */ = {
			isa = PBXGroup;
			children = (
				DDF4FD3D21A5F5A900DEABD1 /* Scouting2019.app */,
			);
			name = Products;
			sourceTree = "<group>";
		};
		DDF4FD3F21A5F5A900DEABD1 /* Scouting2019 */ = {
			isa = PBXGroup;
			children = (
				DDF4FD4021A5F5A900DEABD1 /* AppDelegate.swift */,
				DDF4FD4221A5F5A900DEABD1 /* ViewController.swift */,
				DDF4FD4421A5F5A900DEABD1 /* Main.storyboard */,
				DDF4FD4721A5F5AA00DEABD1 /* Assets.xcassets */,
				DDF4FD4921A5F5AA00DEABD1 /* LaunchScreen.storyboard */,
				DDF4FD4C21A5F5AA00DEABD1 /* Info.plist */,
				DD3D12FE21E7E9240099C3FC /* QuestionViewController.swift */,
				DD3D130221E7F97A0099C3FC /* AddQuestionViewController.swift */,
			);
			path = Scouting2019;
			sourceTree = "<group>";
		};
/* End PBXGroup section */

/* Begin PBXNativeTarget section */
		DDF4FD3C21A5F5A900DEABD1 /* Scouting2019 */ = {
			isa = PBXNativeTarget;
			buildConfigurationList = DDF4FD4F21A5F5AA00DEABD1 /* Build configuration list for PBXNativeTarget "Scouting2019" */;
			buildPhases = (
				DDF4FD3921A5F5A900DEABD1 /* Sources */,
				DDF4FD3A21A5F5A900DEABD1 /* Frameworks */,
				DDF4FD3B21A5F5A900DEABD1 /* Resources */,
			);
			buildRules = (
			);
			dependencies = (
			);
			name = Scouting2019;
			productName = Scouting2019;
			productReference = DDF4FD3D21A5F5A900DEABD1 /* Scouting2019.app */;
			productType = "com.apple.product-type.application";
		};
/* End PBXNativeTarget section */

/* Begin PBXProject section */
		DDF4FD3521A5F5A900DEABD1 /* Project object */ = {
			isa = PBXProject;
			attributes = {
				LastSwiftUpdateCheck = 1010;
				LastUpgradeCheck = 1010;
				ORGANIZATIONNAME = 4069;
				TargetAttributes = {
					DDF4FD3C21A5F5A900DEABD1 = {
						CreatedOnToolsVersion = 10.1;
					};
				};
			};
			buildConfigurationList = DDF4FD3821A5F5A900DEABD1 /* Build configuration list for PBXProject "Scouting2019" */;
			compatibilityVersion = "Xcode 9.3";
			developmentRegion = en;
			hasScannedForEncodings = 0;
			knownRegions = (
				en,
				Base,
			);
			mainGroup = DDF4FD3421A5F5A900DEABD1;
			productRefGroup = DDF4FD3E21A5F5A900DEABD1 /* Products */;
			projectDirPath = "";
			projectRoot = "";
			targets = (
				DDF4FD3C21A5F5A900DEABD1 /* Scouting2019 */,
			);
		};
/* End PBXProject section */

/* Begin PBXResourcesBuildPhase section */
		DDF4FD3B21A5F5A900DEABD1 /* Resources */ = {
			isa = PBXResourcesBuildPhase;
			buildActionMask = 2147483647;
			files = (
				DDF4FD4B21A5F5AA00DEABD1 /* LaunchScreen.storyboard in Resources */,
				DDF4FD4821A5F5AA00DEABD1 /* Assets.xcassets in Resources */,
				DDF4FD4621A5F5A900DEABD1 /* Main.storyboard in Resources */,
			);
			runOnlyForDeploymentPostprocessing = 0;
		};
/* End PBXResourcesBuildPhase section */

/* Begin PBXSourcesBuildPhase section */
		DDF4FD3921A5F5A900DEABD1 /* Sources */ = {
			isa = PBXSourcesBuildPhase;
			buildActionMask = 2147483647;
			files = (
				DDF4FD4321A5F5A900DEABD1 /* ViewController.swift in Sources */,
				DDF4FD4121A5F5A900DEABD1 /* AppDelegate.swift in Sources */,
				DD3D130321E7F97A0099C3FC /* AddQuestionViewController.swift in Sources */,
				DD3D12FF21E7E9240099C3FC /* QuestionViewController.swift in Sources */,
			);
			runOnlyForDeploymentPostprocessing = 0;
		};
/* End PBXSourcesBuildPhase section */

/* Begin PBXVariantGroup section */
		DDF4FD4421A5F5A900DEABD1 /* Main.storyboard */ = {
			isa = PBXVariantGroup;
			children = (
				DDF4FD4521A5F5A900DEABD1 /* Base */,
			);
			name = Main.storyboard;
			sourceTree = "<group>";
		};
		DDF4FD4921A5F5AA00DEABD1 /* LaunchScreen.storyboard */ = {
			isa = PBXVariantGroup;
			children = (
				DDF4FD4A21A5F5AA00DEABD1 /* Base */,
			);
			name = LaunchScreen.storyboard;
			sourceTree = "<group>";
		};
/* End PBXVariantGroup section */

/* Begin XCBuildConfiguration section */
		DDF4FD4D21A5F5AA00DEABD1 /* Debug */ = {
			isa = XCBuildConfiguration;
			buildSettings = {
				ALWAYS_SEARCH_USER_PATHS = NO;
				CLANG_ANALYZER_NONNULL = YES;
				CLANG_ANALYZER_NUMBER_OBJECT_CONVERSION = YES_AGGRESSIVE;
				CLANG_CXX_LANGUAGE_STANDARD = "gnu++14";
				CLANG_CXX_LIBRARY = "libc++";
				CLANG_ENABLE_MODULES = YES;
				CLANG_ENABLE_OBJC_ARC = YES;
				CLANG_ENABLE_OBJC_WEAK = YES;
				CLANG_WARN_BLOCK_CAPTURE_AUTORELEASING = YES;
				CLANG_WARN_BOOL_CONVERSION = YES;
				CLANG_WARN_COMMA = YES;
				CLANG_WARN_CONSTANT_CONVERSION = YES;
				CLANG_WARN_DEPRECATED_OBJC_IMPLEMENTATIONS = YES;
				CLANG_WARN_DIRECT_OBJC_ISA_USAGE = YES_ERROR;
				CLANG_WARN_DOCUMENTATION_COMMENTS = YES;
				CLANG_WARN_EMPTY_BODY = YES;
				CLANG_WARN_ENUM_CONVERSION = YES;
				CLANG_WARN_INFINITE_RECURSION = YES;
				CLANG_WARN_INT_CONVERSION = YES;
				CLANG_WARN_NON_LITERAL_NULL_CONVERSION = YES;
				CLANG_WARN_OBJC_IMPLICIT_RETAIN_SELF = YES;
				CLANG_WARN_OBJC_LITERAL_CONVERSION = YES;
				CLANG_WARN_OBJC_ROOT_CLASS = YES_ERROR;
				CLANG_WARN_RANGE_LOOP_ANALYSIS = YES;
				CLANG_WARN_STRICT_PROTOTYPES = YES;
				CLANG_WARN_SUSPICIOUS_MOVE = YES;
				CLANG_WARN_UNGUARDED_AVAILABILITY = YES_AGGRESSIVE;
				CLANG_WARN_UNREACHABLE_CODE = YES;
				CLANG_WARN__DUPLICATE_METHOD_MATCH = YES;
				CODE_SIGN_IDENTITY = "iPhone Developer";
				COPY_PHASE_STRIP = NO;
				DEBUG_INFORMATION_FORMAT = dwarf;
				ENABLE_STRICT_OBJC_MSGSEND = YES;
				ENABLE_TESTABILITY = YES;
				GCC_C_LANGUAGE_STANDARD = gnu11;
				GCC_DYNAMIC_NO_PIC = NO;
				GCC_NO_COMMON_BLOCKS = YES;
				GCC_OPTIMIZATION_LEVEL = 0;
				GCC_PREPROCESSOR_DEFINITIONS = (
					"DEBUG=1",
					"$(inherited)",
				);
				GCC_WARN_64_TO_32_BIT_CONVERSION = YES;
				GCC_WARN_ABOUT_RETURN_TYPE = YES_ERROR;
				GCC_WARN_UNDECLARED_SELECTOR = YES;
				GCC_WARN_UNINITIALIZED_AUTOS = YES_AGGRESSIVE;
				GCC_WARN_UNUSED_FUNCTION = YES;
				GCC_WARN_UNUSED_VARIABLE = YES;
				IPHONEOS_DEPLOYMENT_TARGET = 12.1;
				MTL_ENABLE_DEBUG_INFO = INCLUDE_SOURCE;
				MTL_FAST_MATH = YES;
				ONLY_ACTIVE_ARCH = YES;
				SDKROOT = iphoneos;
				SWIFT_ACTIVE_COMPILATION_CONDITIONS = DEBUG;
				SWIFT_OPTIMIZATION_LEVEL = "-Onone";
			};
			name = Debug;
		};
		DDF4FD4E21A5F5AA00DEABD1 /* Release */ = {
			isa = XCBuildConfiguration;
			buildSettings = {
				ALWAYS_SEARCH_USER_PATHS = NO;
				CLANG_ANALYZER_NONNULL = YES;
				CLANG_ANALYZER_NUMBER_OBJECT_CONVERSION = YES_AGGRESSIVE;
				CLANG_CXX_LANGUAGE_STANDARD = "gnu++14";
				CLANG_CXX_LIBRARY = "libc++";
				CLANG_ENABLE_MODULES = YES;
				CLANG_ENABLE_OBJC_ARC = YES;
				CLANG_ENABLE_OBJC_WEAK = YES;
				CLANG_WARN_BLOCK_CAPTURE_AUTORELEASING = YES;
				CLANG_WARN_BOOL_CONVERSION = YES;
				CLANG_WARN_COMMA = YES;
				CLANG_WARN_CONSTANT_CONVERSION = YES;
				CLANG_WARN_DEPRECATED_OBJC_IMPLEMENTATIONS = YES;
				CLANG_WARN_DIRECT_OBJC_ISA_USAGE = YES_ERROR;
				CLANG_WARN_DOCUMENTATION_COMMENTS = YES;
				CLANG_WARN_EMPTY_BODY = YES;
				CLANG_WARN_ENUM_CONVERSION = YES;
				CLANG_WARN_INFINITE_RECURSION = YES;
				CLANG_WARN_INT_CONVERSION = YES;
				CLANG_WARN_NON_LITERAL_NULL_CONVERSION = YES;
				CLANG_WARN_OBJC_IMPLICIT_RETAIN_SELF = YES;
				CLANG_WARN_OBJC_LITERAL_CONVERSION = YES;
				CLANG_WARN_OBJC_ROOT_CLASS = YES_ERROR;
				CLANG_WARN_RANGE_LOOP_ANALYSIS = YES;
				CLANG_WARN_STRICT_PROTOTYPES = YES;
				CLANG_WARN_SUSPICIOUS_MOVE = YES;
				CLANG_WARN_UNGUARDED_AVAILABILITY = YES_AGGRESSIVE;
				CLANG_WARN_UNREACHABLE_CODE = YES;
				CLANG_WARN__DUPLICATE_METHOD_MATCH = YES;
				CODE_SIGN_IDENTITY = "iPhone Developer";
				COPY_PHASE_STRIP = NO;
				DEBUG_INFORMATION_FORMAT = "dwarf-with-dsym";
				ENABLE_NS_ASSERTIONS = NO;
				ENABLE_STRICT_OBJC_MSGSEND = YES;
				GCC_C_LANGUAGE_STANDARD = gnu11;
				GCC_NO_COMMON_BLOCKS = YES;
				GCC_WARN_64_TO_32_BIT_CONVERSION = YES;
				GCC_WARN_ABOUT_RETURN_TYPE = YES_ERROR;
				GCC_WARN_UNDECLARED_SELECTOR = YES;
				GCC_WARN_UNINITIALIZED_AUTOS = YES_AGGRESSIVE;
				GCC_WARN_UNUSED_FUNCTION = YES;
				GCC_WARN_UNUSED_VARIABLE = YES;
				IPHONEOS_DEPLOYMENT_TARGET = 12.1;
				MTL_ENABLE_DEBUG_INFO = NO;
				MTL_FAST_MATH = YES;
				SDKROOT = iphoneos;
				SWIFT_COMPILATION_MODE = wholemodule;
				SWIFT_OPTIMIZATION_LEVEL = "-O";
				VALIDATE_PRODUCT = YES;
			};
			name = Release;
		};
		DDF4FD5021A5F5AA00DEABD1 /* Debug */ = {
			isa = XCBuildConfiguration;
			buildSettings = {
				ASSETCATALOG_COMPILER_APPICON_NAME = AppIcon;
				CODE_SIGN_STYLE = Automatic;
				DEVELOPMENT_TEAM = 82M9H72VZB;
				INFOPLIST_FILE = Scouting2019/Info.plist;
				IPHONEOS_DEPLOYMENT_TARGET = 12.0.1;
				LD_RUNPATH_SEARCH_PATHS = (
					"$(inherited)",
					"@executable_path/Frameworks",
				);
				PRODUCT_BUNDLE_IDENTIFIER = com.4069.Scouting2019;
				PRODUCT_NAME = "$(TARGET_NAME)";
				SWIFT_VERSION = 4.2;
				TARGETED_DEVICE_FAMILY = "1,2";
			};
			name = Debug;
		};
		DDF4FD5121A5F5AA00DEABD1 /* Release */ = {
			isa = XCBuildConfiguration;
			buildSettings = {
				ASSETCATALOG_COMPILER_APPICON_NAME = AppIcon;
				CODE_SIGN_STYLE = Automatic;
				DEVELOPMENT_TEAM = 82M9H72VZB;
				INFOPLIST_FILE = Scouting2019/Info.plist;
				IPHONEOS_DEPLOYMENT_TARGET = 12.0.1;
				LD_RUNPATH_SEARCH_PATHS = (
					"$(inherited)",
					"@executable_path/Frameworks",
				);
				PRODUCT_BUNDLE_IDENTIFIER = com.4069.Scouting2019;
				PRODUCT_NAME = "$(TARGET_NAME)";
				SWIFT_VERSION = 4.2;
				TARGETED_DEVICE_FAMILY = "1,2";
			};
			name = Release;
		};
/* End XCBuildConfiguration section */

/* Begin XCConfigurationList section */
		DDF4FD3821A5F5A900DEABD1 /* Build configuration list for PBXProject "Scouting2019" */ = {
			isa = XCConfigurationList;
			buildConfigurations = (
				DDF4FD4D21A5F5AA00DEABD1 /* Debug */,
				DDF4FD4E21A5F5AA00DEABD1 /* Release */,
			);
			defaultConfigurationIsVisible = 0;
			defaultConfigurationName = Release;
		};
		DDF4FD4F21A5F5AA00DEABD1 /* Build configuration list for PBXNativeTarget "Scouting2019" */ = {
			isa = XCConfigurationList;
			buildConfigurations = (
				DDF4FD5021A5F5AA00DEABD1 /* Debug */,
				DDF4FD5121A5F5AA00DEABD1 /* Release */,
			);
			defaultConfigurationIsVisible = 0;
			defaultConfigurationName = Release;
		};
/* End XCConfigurationList section */
	};
	rootObject = DDF4FD3521A5F5A900DEABD1 /* Project object */;
}
